{
  "name": "musixx",
  "version": "1.0.0",
  "lockfileVersion": 3,
  "requires": true,
  "packages": {
    "": {
      "name": "musixx",
      "version": "1.0.0",
      "license": "ISC",
      "dependencies": {
        "@soundtouchjs/audio-worklet": "^2.0.4"
      }
    },
    "node_modules/@soundtouchjs/audio-worklet": {
      "version": "2.0.4",
      "resolved": "https://registry.npmjs.org/@soundtouchjs/audio-worklet/-/audio-worklet-2.0.4.tgz",
      "integrity": "sha512-Qfj0wjo3sG5vLsgEeepvs0xo9KjhpicYB1JOMEqnLyy79/DPleNE3x2qwVTdb7ATl0NVFtSyGJggLmY1M40viA==",
      "license": "MPL-2.0",
      "dependencies": {
        "@soundtouchjs/core": "2.0.4",
        "@soundtouchjs/interpolation-strategy-lanczos": "2.0.4",
        "@soundtouchjs/worklet-base": "2.0.4"
      }
    },
    "node_modules/@soundtouchjs/core": {
      "version": "2.0.4",
      "resolved": "https://registry.npmjs.org/@soundtouchjs/core/-/core-2.0.4.tgz",
      "integrity": "sha512-QVCEtyyVPPFGA4WW9NAXKZb/ujLpUGZeMexkuqJYwh0lVZ5fV+iWQHfI86xLpBSo676E0M+5cskBd6gecV8pUA==",
      "license": "MPL-2.0",
      "dependencies": {
        "@soundtouchjs/interpolation-strategy-lanczos": "2.0.4"
      }
    },
    "node_modules/@soundtouchjs/interpolation-strategy-lanczos": {
      "version": "2.0.4",
      "resolved": "https://registry.npmjs.org/@soundtouchjs/interpolation-strategy-lanczos/-/interpolation-strategy-lanczos-2.0.4.tgz",
      "integrity": "sha512-yjmKTFqxcfZbR34gVybaMjrYJETvYk6gKzgRpZ1NQsIdQdLJnbFnvn88H2HH7NUUZgcUTtC+y9fsQWFurw755w==",
      "license": "MPL-2.0"
    },
    "node_modules/@soundtouchjs/worklet-base": {
      "version": "2.0.4",
      "resolved": "https://registry.npmjs.org/@soundtouchjs/worklet-base/-/worklet-base-2.0.4.tgz",
      "integrity": "sha512-2gj49iFxrsvxuecFYIfeJFcgnMp6y5lSHCa5kykBPFOsnmSIfTVJYJCNrFNn4m6hWhobBQbdS/TfHptKehaBLg==",
      "license": "MPL-2.0",
      "dependencies": {
        "@soundtouchjs/core": "2.0.4"
      }
    }
  }
}
